
Microsoft Visual Studio Solution File, Format Version 12.00
# Visual Studio 2013
VisualStudioVersion = 12.0.40629.0
MinimumVisualStudioVersion = 10.0.40219.1
Project("{FAE04EC0-301F-11D3-BF4B-00C04F79EFBC}") = "Pard", "Pard\Pard.csproj", "{C5ABA6AD-8D28-4123-8106-0D7FDE8BEEA0}"
EndProject
Project("{FAE04EC0-301F-11D3-BF4B-00C04F79EFBC}") = "Pard.Test", "Pard.Test\Pard.Test.csproj", "{91B3D6F3-0181-4A9B-8FC1-510D0ADD92C5}"
EndProject
Project("{FAE04EC0-301F-11D3-BF4B-00C04F79EFBC}") = "Lad", "Lad\Lad.csproj", "{451419A6-3E85-428C-99B2-FF2304386E45}"
	ProjectSection(ProjectDependencies) = postProject
		{C5ABA6AD-8D28-4123-8106-0D7FDE8BEEA0} = {C5ABA6AD-8D28-4123-8106-0D7FDE8BEEA0}
	EndProjectSection
EndProject
Global
	GlobalSection(SolutionConfigurationPlatforms) = preSolution
		Debug|Any CPU = Debug|Any CPU
		Release|Any CPU = Release|Any CPU
	EndGlobalSection
	GlobalSection(ProjectConfigurationPlatforms) = postSolution
		{C5ABA6AD-8D28-4123-8106-0D7FDE8BEEA0}.Debug|Any CPU.ActiveCfg = Debug|Any CPU
		{C5ABA6AD-8D28-4123-8106-0D7FDE8BEEA0}.Debug|Any CPU.Build.0 = Debug|Any CPU
		{C5ABA6AD-8D28-4123-8106-0D7FDE8BEEA0}.Release|Any CPU.ActiveCfg = Release|Any CPU
		{C5ABA6AD-8D28-4123-8106-0D7FDE8BEEA0}.Release|Any CPU.Build.0 = Release|Any CPU
		{91B3D6F3-0181-4A9B-8FC1-510D0ADD92C5}.Debug|Any CPU.ActiveCfg = Debug|Any CPU
		{91B3D6F3-0181-4A9B-8FC1-510D0ADD92C5}.Debug|Any CPU.Build.0 = Debug|Any CPU
		{91B3D6F3-0181-4A9B-8FC1-510D0ADD92C5}.Release|Any CPU.ActiveCfg = Release|Any CPU
		{91B3D6F3-0181-4A9B-8FC1-510D0ADD92C5}.Release|Any CPU.Build.0 = Release|Any CPU
		{451419A6-3E85-428C-99B2-FF2304386E45}.Debug|Any CPU.ActiveCfg = Debug|Any CPU
		{451419A6-3E85-428C-99B2-FF2304386E45}.Debug|Any CPU.Build.0 = Debug|Any CPU
		{451419A6-3E85-428C-99B2-FF2304386E45}.Release|Any CPU.ActiveCfg = Release|Any CPU
		{451419A6-3E85-428C-99B2-FF2304386E45}.Release|Any CPU.Build.0 = Release|Any CPU
	EndGlobalSection
	GlobalSection(SolutionProperties) = preSolution
		HideSolutionNode = FALSE
	EndGlobalSection
EndGlobal
